// !$*UTF8*$!
{
	archiveVersion = 1;
	classes = {
	};
	objectVersion = 46;
	objects = {

/* Begin PBXBuildFile section */
		14FFF2901E24C60900A5A7EF /* main.m in Sources */ = {isa = PBXBuildFile; fileRef = 14FFF28F1E24C60900A5A7EF /* main.m */; };
		14FFF2931E24C60900A5A7EF /* AppDelegate.m in Sources */ = {isa = PBXBuildFile; fileRef = 14FFF2921E24C60900A5A7EF /* AppDelegate.m */; };
		14FFF2961E24C60900A5A7EF /* ViewController.m in Sources */ = {isa = PBXBuildFile; fileRef = 14FFF2951E24C60900A5A7EF /* ViewController.m */; };
		14FFF2991E24C60900A5A7EF /* Main.storyboard in Resources */ = {isa = PBXBuildFile; fileRef = 14FFF2971E24C60900A5A7EF /* Main.storyboard */; };
		14FFF29B1E24C60900A5A7EF /* Assets.xcassets in Resources */ = {isa = PBXBuildFile; fileRef = 14FFF29A1E24C60900A5A7EF /* Assets.xcassets */; };
		14FFF29E1E24C60900A5A7EF /* LaunchScreen.storyboard in Resources */ = {isa = PBXBuildFile; fileRef = 14FFF29C1E24C60900A5A7EF /* LaunchScreen.storyboard */; };
		14FFF2A71E24C65800A5A7EF /* libMGMobileSDKAuth-0.2.0.a in Frameworks */ = {isa = PBXBuildFile; fileRef = 14FFF2A61E24C65800A5A7EF /* libMGMobileSDKAuth-0.2.0.a */; };
/* End PBXBuildFile section */

/* Begin PBXFileReference section */
		14FFF28B1E24C60900A5A7EF /* SDKTest.app */ = {isa = PBXFileReference; explicitFileType = wrapper.application; includeInIndex = 0; path = SDKTest.app; sourceTree = BUILT_PRODUCTS_DIR; };
		14FFF28F1E24C60900A5A7EF /* main.m */ = {isa = PBXFileReference; lastKnownFileType = sourcecode.c.objc; path = main.m; sourceTree = "<group>"; };
		14FFF2911E24C60900A5A7EF /* AppDelegate.h */ = {isa = PBXFileReference; lastKnownFileType = sourcecode.c.h; path = AppDelegate.h; sourceTree = "<group>"; };
		14FFF2921E24C60900A5A7EF /* AppDelegate.m */ = {isa = PBXFileReference; lastKnownFileType = sourcecode.c.objc; path = AppDelegate.m; sourceTree = "<group>"; };
		14FFF2941E24C60900A5A7EF /* ViewController.h */ = {isa = PBXFileReference; lastKnownFileType = sourcecode.c.h; path = ViewController.h; sourceTree = "<group>"; };
		14FFF2951E24C60900A5A7EF /* ViewController.m */ = {isa = PBXFileReference; lastKnownFileType = sourcecode.c.objc; path = ViewController.m; sourceTree = "<group>"; };
		14FFF2981E24C60900A5A7EF /* Base */ = {isa = PBXFileReference; lastKnownFileType = file.storyboard; name = Base; path = Base.lproj/Main.storyboard; sourceTree = "<group>"; };
		14FFF29A1E24C60900A5A7EF /* Assets.xcassets */ = {isa = PBXFileReference; lastKnownFileType = folder.assetcatalog; path = Assets.xcassets; sourceTree = "<group>"; };
		14FFF29D1E24C60900A5A7EF /* Base */ = {isa = PBXFileReference; lastKnownFileType = file.storyboard; name = Base; path = Base.lproj/LaunchScreen.storyboard; sourceTree = "<group>"; };
		14FFF29F1E24C60900A5A7EF /* Info.plist */ = {isa = PBXFileReference; lastKnownFileType = text.plist.xml; path = Info.plist; sourceTree = "<group>"; };
		14FFF2A61E24C65800A5A7EF /* libMGMobileSDKAuth-0.2.0.a */ = {isa = PBXFileReference; lastKnownFileType = archive.ar; name = "libMGMobileSDKAuth-0.2.0.a"; path = "../MGMobileSDKAuth/build/Debug-iphoneos/libMGMobileSDKAuth-0.2.0.a"; sourceTree = "<group>"; };
/* End PBXFileReference section */

/* Begin PBXFrameworksBuildPhase section */
		14FFF2881E24C60900A5A7EF /* Frameworks */ = {
			isa = PBXFrameworksBuildPhase;
			buildActionMask = 2147483647;
			files = (
				14FFF2A71E24C65800A5A7EF /* libMGMobileSDKAuth-0.2.0.a in Frameworks */,
			);
			runOnlyForDeploymentPostprocessing = 0;
		};
/* End PBXFrameworksBuildPhase section */

/* Begin PBXGroup section */
		14FFF2821E24C60900A5A7EF = {
			isa = PBXGroup;
			children = (
				14FFF28D1E24C60900A5A7EF /* SDKTest */,
				14FFF28C1E24C60900A5A7EF /* Products */,
				14FFF2A51E24C65700A5A7EF /* Frameworks */,
			);
			sourceTree = "<group>";
		};
		14FFF28C1E24C60900A5A7EF /* Products */ = {
			isa = PBXGroup;
			children = (
				14FFF28B1E24C60900A5A7EF /* SDKTest.app */,
			);
			name = Products;
			sourceTree = "<group>";
		};
		14FFF28D1E24C60900A5A7EF /* SDKTest */ = {
			isa = PBXGroup;
			children = (
				14FFF2911E24C60900A5A7EF /* AppDelegate.h */,
				14FFF2921E24C60900A5A7EF /* AppDelegate.m */,
				14FFF2941E24C60900A5A7EF /* ViewController.h */,
				14FFF2951E24C60900A5A7EF /* ViewController.m */,
				14FFF2971E24C60900A5A7EF /* Main.storyboard */,
				14FFF29A1E24C60900A5A7EF /* Assets.xcassets */,
				14FFF29C1E24C60900A5A7EF /* LaunchScreen.storyboard */,
				14FFF29F1E24C60900A5A7EF /* Info.plist */,
				14FFF28E1E24C60900A5A7EF /* Supporting Files */,
			);
			path = SDKTest;
			sourceTree = "<group>";
		};
		14FFF28E1E24C60900A5A7EF /* Supporting Files */ = {
			isa = PBXGroup;
			children = (
				14FFF28F1E24C60900A5A7EF /* main.m */,
			);
			name = "Supporting Files";
			sourceTree = "<group>";
		};
		14FFF2A51E24C65700A5A7EF /* Frameworks */ = {
			isa = PBXGroup;
			children = (
				14FFF2A61E24C65800A5A7EF /* libMGMobileSDKAuth-0.2.0.a */,
			);
			name = Frameworks;
			sourceTree = "<group>";
		};
/* End PBXGroup section */

/* Begin PBXNativeTarget section */
		14FFF28A1E24C60900A5A7EF /* MGMobileAuthSDKTest */ = {
			isa = PBXNativeTarget;
			buildConfigurationList = 14FFF2A21E24C60900A5A7EF /* Build configuration list for PBXNativeTarget "MGMobileAuthSDKTest" */;
			buildPhases = (
				14FFF2871E24C60900A5A7EF /* Sources */,
				14FFF2881E24C60900A5A7EF /* Frameworks */,
				14FFF2891E24C60900A5A7EF /* Resources */,
			);
			buildRules = (
			);
			dependencies = (
			);
			name = MGMobileAuthSDKTest;
			productName = SDKTest;
			productReference = 14FFF28B1E24C60900A5A7EF /* SDKTest.app */;
			productType = "com.apple.product-type.application";
		};
/* End PBXNativeTarget section */

/* Begin PBXProject section */
		14FFF2831E24C60900A5A7EF /* Project object */ = {
			isa = PBXProject;
			attributes = {
				LastUpgradeCheck = 0820;
				ORGANIZATIONNAME = megvii;
				TargetAttributes = {
					14FFF28A1E24C60900A5A7EF = {
						CreatedOnToolsVersion = 8.2.1;
						DevelopmentTeam = F4LXZEHY23;
						ProvisioningStyle = Manual;
					};
				};
			};
			buildConfigurationList = 14FFF2861E24C60900A5A7EF /* Build configuration list for PBXProject "MGMobileAuthSDKTest" */;
			compatibilityVersion = "Xcode 3.2";
			developmentRegion = English;
			hasScannedForEncodings = 0;
			knownRegions = (
				en,
				Base,
			);
			mainGroup = 14FFF2821E24C60900A5A7EF;
			productRefGroup = 14FFF28C1E24C60900A5A7EF /* Products */;
			projectDirPath = "";
			projectRoot = "";
			targets = (
				14FFF28A1E24C60900A5A7EF /* MGMobileAuthSDKTest */,
			);
		};
/* End PBXProject section */

/* Begin PBXResourcesBuildPhase section */
		14FFF2891E24C60900A5A7EF /* Resources */ = {
			isa = PBXResourcesBuildPhase;
			buildActionMask = 2147483647;
			files = (
				14FFF29E1E24C60900A5A7EF /* LaunchScreen.storyboard in Resources */,
				14FFF29B1E24C60900A5A7EF /* Assets.xcassets in Resources */,
				14FFF2991E24C60900A5A7EF /* Main.storyboard in Resources */,
			);
			runOnlyForDeploymentPostprocessing = 0;
		};
/* End PBXResourcesBuildPhase section */

/* Begin PBXSourcesBuildPhase section */
		14FFF2871E24C60900A5A7EF /* Sources */ = {
			isa = PBXSourcesBuildPhase;
			buildActionMask = 2147483647;
			files = (
				14FFF2961E24C60900A5A7EF /* ViewController.m in Sources */,
				14FFF2931E24C60900A5A7EF /* AppDelegate.m in Sources */,
				14FFF2901E24C60900A5A7EF /* main.m in Sources */,
			);
			runOnlyForDeploymentPostprocessing = 0;
		};
/* End PBXSourcesBuildPhase section */

/* Begin PBXVariantGroup section */
		14FFF2971E24C60900A5A7EF /* Main.storyboard */ = {
			isa = PBXVariantGroup;
			children = (
				14FFF2981E24C60900A5A7EF /* Base */,
			);
			name = Main.storyboard;
			sourceTree = "<group>";
		};
		14FFF29C1E24C60900A5A7EF /* LaunchScreen.storyboard */ = {
			isa = PBXVariantGroup;
			children = (
				14FFF29D1E24C60900A5A7EF /* Base */,
			);
			name = LaunchScreen.storyboard;
			sourceTree = "<group>";
		};
/* End PBXVariantGroup section */

/* Begin XCBuildConfiguration section */
		14FFF2A01E24C60900A5A7EF /* Debug */ = {
			isa = XCBuildConfiguration;
			buildSettings = {
				ALWAYS_SEARCH_USER_PATHS = NO;
				CLANG_ANALYZER_NONNULL = YES;
				CLANG_CXX_LANGUAGE_STANDARD = "gnu++0x";
				CLANG_CXX_LIBRARY = "libc++";
				CLANG_ENABLE_MODULES = YES;
				CLANG_ENABLE_OBJC_ARC = YES;
				CLANG_WARN_BOOL_CONVERSION = YES;
				CLANG_WARN_CONSTANT_CONVERSION = YES;
				CLANG_WARN_DIRECT_OBJC_ISA_USAGE = YES_ERROR;
				CLANG_WARN_DOCUMENTATION_COMMENTS = YES;
				CLANG_WARN_EMPTY_BODY = YES;
				CLANG_WARN_ENUM_CONVERSION = YES;
				CLANG_WARN_INFINITE_RECURSION = YES;
				CLANG_WARN_INT_CONVERSION = YES;
				CLANG_WARN_OBJC_ROOT_CLASS = YES_ERROR;
				CLANG_WARN_SUSPICIOUS_MOVE = YES;
				CLANG_WARN_UNREACHABLE_CODE = YES;
				CLANG_WARN__DUPLICATE_METHOD_MATCH = YES;
				"CODE_SIGN_IDENTITY[sdk=iphoneos*]" = "iPhone Developer";
				COPY_PHASE_STRIP = NO;
				DEBUG_INFORMATION_FORMAT = dwarf;
				ENABLE_STRICT_OBJC_MSGSEND = YES;
				ENABLE_TESTABILITY = YES;
				GCC_C_LANGUAGE_STANDARD = gnu99;
				GCC_DYNAMIC_NO_PIC = NO;
				GCC_NO_COMMON_BLOCKS = YES;
				GCC_OPTIMIZATION_LEVEL = 0;
				GCC_PREPROCESSOR_DEFINITIONS = (
					"DEBUG=1",
					"$(inherited)",
				);
				GCC_WARN_64_TO_32_BIT_CONVERSION = YES;
				GCC_WARN_ABOUT_RETURN_TYPE = YES_ERROR;
				GCC_WARN_UNDECLARED_SELECTOR = YES;
				GCC_WARN_UNINITIALIZED_AUTOS = YES_AGGRESSIVE;
				GCC_WARN_UNUSED_FUNCTION = YES;
				GCC_WARN_UNUSED_VARIABLE = YES;
				IPHONEOS_DEPLOYMENT_TARGET = 10.2;
				MTL_ENABLE_DEBUG_INFO = YES;
				ONLY_ACTIVE_ARCH = YES;
				SDKROOT = iphoneos;
			};
			name = Debug;
		};
		14FFF2A11E24C60900A5A7EF /* Release */ = {
			isa = XCBuildConfiguration;
			buildSettings = {
				ALWAYS_SEARCH_USER_PATHS = NO;
				CLANG_ANALYZER_NONNULL = YES;
				CLANG_CXX_LANGUAGE_STANDARD = "gnu++0x";
				CLANG_CXX_LIBRARY = "libc++";
				CLANG_ENABLE_MODULES = YES;
				CLANG_ENABLE_OBJC_ARC = YES;
				CLANG_WARN_BOOL_CONVERSION = YES;
				CLANG_WARN_CONSTANT_CONVERSION = YES;
				CLANG_WARN_DIRECT_OBJC_ISA_USAGE = YES_ERROR;
				CLANG_WARN_DOCUMENTATION_COMMENTS = YES;
				CLANG_WARN_EMPTY_BODY = YES;
				CLANG_WARN_ENUM_CONVERSION = YES;
				CLANG_WARN_INFINITE_RECURSION = YES;
				CLANG_WARN_INT_CONVERSION = YES;
				CLANG_WARN_OBJC_ROOT_CLASS = YES_ERROR;
				CLANG_WARN_SUSPICIOUS_MOVE = YES;
				CLANG_WARN_UNREACHABLE_CODE = YES;
				CLANG_WARN__DUPLICATE_METHOD_MATCH = YES;
				"CODE_SIGN_IDENTITY[sdk=iphoneos*]" = "iPhone Developer";
				COPY_PHASE_STRIP = NO;
				DEBUG_INFORMATION_FORMAT = "dwarf-with-dsym";
				ENABLE_NS_ASSERTIONS = NO;
				ENABLE_STRICT_OBJC_MSGSEND = YES;
				GCC_C_LANGUAGE_STANDARD = gnu99;
				GCC_NO_COMMON_BLOCKS = YES;
				GCC_WARN_64_TO_32_BIT_CONVERSION = YES;
				GCC_WARN_ABOUT_RETURN_TYPE = YES_ERROR;
				GCC_WARN_UNDECLARED_SELECTOR = YES;
				GCC_WARN_UNINITIALIZED_AUTOS = YES_AGGRESSIVE;
				GCC_WARN_UNUSED_FUNCTION = YES;
				GCC_WARN_UNUSED_VARIABLE = YES;
				IPHONEOS_DEPLOYMENT_TARGET = 10.2;
				MTL_ENABLE_DEBUG_INFO = NO;
				SDKROOT = iphoneos;
				VALIDATE_PRODUCT = YES;
			};
			name = Release;
		};
		14FFF2A31E24C60900A5A7EF /* Debug */ = {
			isa = XCBuildConfiguration;
			buildSettings = {
				ASSETCATALOG_COMPILER_APPICON_NAME = AppIcon;
				DEVELOPMENT_TEAM = F4LXZEHY23;
				INFOPLIST_FILE = SDKTest/Info.plist;
				IPHONEOS_DEPLOYMENT_TARGET = 8.0;
				LD_RUNPATH_SEARCH_PATHS = "$(inherited) @executable_path/Frameworks";
				PRODUCT_BUNDLE_IDENTIFIER = com.megvii.SDKTest;
				PRODUCT_NAME = "$(TARGET_NAME)";
				PROVISIONING_PROFILE = "aa2b8f25-b101-4b18-bf0a-115db1a8bfd8";
				PROVISIONING_PROFILE_SPECIFIER = Megvii_wildcard;
			};
			name = Debug;
		};
		14FFF2A41E24C60900A5A7EF /* Release */ = {
			isa = XCBuildConfiguration;
			buildSettings = {
				ASSETCATALOG_COMPILER_APPICON_NAME = AppIcon;
				"CODE_SIGN_IDENTITY[sdk=iphoneos*]" = "iPhone Distribution";
				DEVELOPMENT_TEAM = F4LXZEHY23;
				INFOPLIST_FILE = SDKTest/Info.plist;
				IPHONEOS_DEPLOYMENT_TARGET = 8.0;
				LD_RUNPATH_SEARCH_PATHS = "$(inherited) @executable_path/Frameworks";
				PRODUCT_BUNDLE_IDENTIFIER = com.megvii.SDKTest;
				PRODUCT_NAME = "$(TARGET_NAME)";
				PROVISIONING_PROFILE = "371dd0af-e542-4120-9ee7-d0bd9b22a8b5";
				PROVISIONING_PROFILE_SPECIFIER = "Megvii InHouse Wildcard";
			};
			name = Release;
		};
/* End XCBuildConfiguration section */

/* Begin XCConfigurationList section */
		14FFF2861E24C60900A5A7EF /* Build configuration list for PBXProject "MGMobileAuthSDKTest" */ = {
			isa = XCConfigurationList;
			buildConfigurations = (
				14FFF2A01E24C60900A5A7EF /* Debug */,
				14FFF2A11E24C60900A5A7EF /* Release */,
			);
			defaultConfigurationIsVisible = 0;
			defaultConfigurationName = Release;
		};
		14FFF2A21E24C60900A5A7EF /* Build configuration list for PBXNativeTarget "MGMobileAuthSDKTest" */ = {
			isa = XCConfigurationList;
			buildConfigurations = (
				14FFF2A31E24C60900A5A7EF /* Debug */,
				14FFF2A41E24C60900A5A7EF /* Release */,
			);
			defaultConfigurationIsVisible = 0;
			defaultConfigurationName = Release;
		};
/* End XCConfigurationList section */
	};
	rootObject = 14FFF2831E24C60900A5A7EF /* Project object */;
}
